
Microsoft Visual Studio Solution File, Format Version 12.00
# Visual Studio Version 16
VisualStudioVersion = 16.0.31515.178
MinimumVisualStudioVersion = 10.0.40219.1
Project("{FAE04EC0-301F-11D3-BF4B-00C04F79EFBC}") = "study_japanese", "study_japanese.csproj", "{22406424-0CB4-409E-8E60-5063D38DC0A1}"
EndProject
Global
	GlobalSection(SolutionConfigurationPlatforms) = preSolution
		Debug|Any CPU = Debug|Any CPU
		Release|Any CPU = Release|Any CPU
	EndGlobalSection
	GlobalSection(ProjectConfigurationPlatforms) = postSolution
		{22406424-0CB4-409E-8E60-5063D38DC0A1}.Debug|Any CPU.ActiveCfg = Debug|Any CPU
		{22406424-0CB4-409E-8E60-5063D38DC0A1}.Debug|Any CPU.Build.0 = Debug|Any CPU
		{22406424-0CB4-409E-8E60-5063D38DC0A1}.Release|Any CPU.ActiveCfg = Release|Any CPU
		{22406424-0CB4-409E-8E60-5063D38DC0A1}.Release|Any CPU.Build.0 = Release|Any CPU
	EndGlobalSection
	GlobalSection(SolutionProperties) = preSolution
		HideSolutionNode = FALSE
	EndGlobalSection
	GlobalSection(ExtensibilityGlobals) = postSolution
		SolutionGuid = {BFD08F5A-D025-440F-B889-3A2F49AB2548}
	EndGlobalSection
EndGlobal
